
Microsoft Visual Studio Solution File, Format Version 12.00
# Visual Studio Version 17
VisualStudioVersion = 17.4.33122.133
MinimumVisualStudioVersion = 10.0.40219.1
Project("{FAE04EC0-301F-11D3-BF4B-00C04F79EFBC}") = "AmbitionedCalculatorAPI", "AmbitionedCalculatorAPI\AmbitionedCalculatorAPI.csproj", "{9EA294BA-F47B-459D-8642-58F88EECBE6C}"
EndProject
Global
	GlobalSection(SolutionConfigurationPlatforms) = preSolution
		Debug|Any CPU = Debug|Any CPU
		Release|Any CPU = Release|Any CPU
	EndGlobalSection
	GlobalSection(ProjectConfigurationPlatforms) = postSolution
		{9EA294BA-F47B-459D-8642-58F88EECBE6C}.Debug|Any CPU.ActiveCfg = Debug|Any CPU
		{9EA294BA-F47B-459D-8642-58F88EECBE6C}.Debug|Any CPU.Build.0 = Debug|Any CPU
		{9EA294BA-F47B-459D-8642-58F88EECBE6C}.Release|Any CPU.ActiveCfg = Release|Any CPU
		{9EA294BA-F47B-459D-8642-58F88EECBE6C}.Release|Any CPU.Build.0 = Release|Any CPU
	EndGlobalSection
	GlobalSection(SolutionProperties) = preSolution
		HideSolutionNode = FALSE
	EndGlobalSection
	GlobalSection(ExtensibilityGlobals) = postSolution
		SolutionGuid = {FFD65F33-5BFF-4B62-BDA9-BE9CB63D4ADA}
	EndGlobalSection
EndGlobal
